
Microsoft Visual Studio Solution File, Format Version 12.00
# Visual Studio Version 17
VisualStudioVersion = 17.9.34728.123
MinimumVisualStudioVersion = 10.0.40219.1
Project("{FAE04EC0-301F-11D3-BF4B-00C04F79EFBC}") = "PKIS-Migration", "PKIS-Migration.csproj", "{17C9EC65-44F3-4A45-ACB5-A9415834C02B}"
EndProject
Global
	GlobalSection(SolutionConfigurationPlatforms) = preSolution
		Debug|Any CPU = Debug|Any CPU
		Release|Any CPU = Release|Any CPU
	EndGlobalSection
	GlobalSection(ProjectConfigurationPlatforms) = postSolution
		{17C9EC65-44F3-4A45-ACB5-A9415834C02B}.Debug|Any CPU.ActiveCfg = Debug|Any CPU
		{17C9EC65-44F3-4A45-ACB5-A9415834C02B}.Debug|Any CPU.Build.0 = Debug|Any CPU
		{17C9EC65-44F3-4A45-ACB5-A9415834C02B}.Release|Any CPU.ActiveCfg = Release|Any CPU
		{17C9EC65-44F3-4A45-ACB5-A9415834C02B}.Release|Any CPU.Build.0 = Release|Any CPU
	EndGlobalSection
	GlobalSection(SolutionProperties) = preSolution
		HideSolutionNode = FALSE
	EndGlobalSection
	GlobalSection(ExtensibilityGlobals) = postSolution
		SolutionGuid = {A526F547-AA05-4F39-A701-5A817B3A4E7D}
	EndGlobalSection
EndGlobal
